<Solution>
  <Project Path="NexusBus/NexusBus.csproj" />
  <Project Path="ServicoPix.Api/ServicoPix.Api.csproj" />
  <Project Path="ServicoPix.Application/ServicoPix.Application.csproj" />
  <Project Path="ServicoPix.Domain/ServicoPix.Domain.csproj" />
  <Project Path="ServicoPix.Infrastructure/ServicoPix.Infrastructure.csproj" />
</Solution>
